{
  "name": "projectTreeView",
  "version": "1.0.0",
  "lockfileVersion": 1,
  "requires": true,
  "dependencies": {
    "node-json2html": {
      "version": "1.2.0",
      "resolved": "https://registry.npmjs.org/node-json2html/-/node-json2html-1.2.0.tgz",
      "integrity": "sha1-9NwlQl7idOvGn4rqUmA4ey/r3q4="
    }
  }
}
